
Microsoft Visual Studio Solution File, Format Version 12.00
# Visual Studio Version 17
VisualStudioVersion = 17.0.31903.59
MinimumVisualStudioVersion = 10.0.40219.1
Project("{FAE04EC0-301F-11D3-BF4B-00C04F79EFBC}") = "MoMo.NET", "MoMo.NET\MoMo.NET.csproj", "{FAA3AF3C-9DEC-454B-A1D6-4B379961DCAF}"
EndProject
Project("{FAE04EC0-301F-11D3-BF4B-00C04F79EFBC}") = "MoMo.NET.Tests.Unit", "MoMo.NET.Tests.Unit\MoMo.NET.Tests.Unit.csproj", "{7D79CF85-DF75-4D5D-B161-4F4396B0E57A}"
EndProject
Project("{FAE04EC0-301F-11D3-BF4B-00C04F79EFBC}") = "MoMo.NET.Tests.Acceptance", "MoMo.NET.Tests.Acceptance\MoMo.NET.Tests.Acceptance.csproj", "{175FBE52-85F6-4CF7-A1B2-67A7FF6617BE}"
EndProject
Project("{FAE04EC0-301F-11D3-BF4B-00C04F79EFBC}") = "MoMo.NET.Infrastructure.Build", "MoMo.NET.Infrastructure.Build\MoMo.NET.Infrastructure.Build.csproj", "{AAEDD611-59CA-44A6-A58F-595D873F3DB8}"
EndProject
Global
	GlobalSection(SolutionConfigurationPlatforms) = preSolution
		Debug|Any CPU = Debug|Any CPU
		Release|Any CPU = Release|Any CPU
	EndGlobalSection
	GlobalSection(SolutionProperties) = preSolution
		HideSolutionNode = FALSE
	EndGlobalSection
	GlobalSection(ProjectConfigurationPlatforms) = postSolution
		{FAA3AF3C-9DEC-454B-A1D6-4B379961DCAF}.Debug|Any CPU.ActiveCfg = Debug|Any CPU
		{FAA3AF3C-9DEC-454B-A1D6-4B379961DCAF}.Debug|Any CPU.Build.0 = Debug|Any CPU
		{FAA3AF3C-9DEC-454B-A1D6-4B379961DCAF}.Release|Any CPU.ActiveCfg = Release|Any CPU
		{FAA3AF3C-9DEC-454B-A1D6-4B379961DCAF}.Release|Any CPU.Build.0 = Release|Any CPU
		{7D79CF85-DF75-4D5D-B161-4F4396B0E57A}.Debug|Any CPU.ActiveCfg = Debug|Any CPU
		{7D79CF85-DF75-4D5D-B161-4F4396B0E57A}.Debug|Any CPU.Build.0 = Debug|Any CPU
		{7D79CF85-DF75-4D5D-B161-4F4396B0E57A}.Release|Any CPU.ActiveCfg = Release|Any CPU
		{7D79CF85-DF75-4D5D-B161-4F4396B0E57A}.Release|Any CPU.Build.0 = Release|Any CPU
		{175FBE52-85F6-4CF7-A1B2-67A7FF6617BE}.Debug|Any CPU.ActiveCfg = Debug|Any CPU
		{175FBE52-85F6-4CF7-A1B2-67A7FF6617BE}.Debug|Any CPU.Build.0 = Debug|Any CPU
		{175FBE52-85F6-4CF7-A1B2-67A7FF6617BE}.Release|Any CPU.ActiveCfg = Release|Any CPU
		{175FBE52-85F6-4CF7-A1B2-67A7FF6617BE}.Release|Any CPU.Build.0 = Release|Any CPU
		{AAEDD611-59CA-44A6-A58F-595D873F3DB8}.Debug|Any CPU.ActiveCfg = Debug|Any CPU
		{AAEDD611-59CA-44A6-A58F-595D873F3DB8}.Debug|Any CPU.Build.0 = Debug|Any CPU
		{AAEDD611-59CA-44A6-A58F-595D873F3DB8}.Release|Any CPU.ActiveCfg = Release|Any CPU
		{AAEDD611-59CA-44A6-A58F-595D873F3DB8}.Release|Any CPU.Build.0 = Release|Any CPU
	EndGlobalSection
EndGlobal
