
Microsoft Visual Studio Solution File, Format Version 12.00
# Visual Studio Version 17
VisualStudioVersion = 17.0.31903.59
MinimumVisualStudioVersion = 10.0.40219.1
Project("{FAE04EC0-301F-11D3-BF4B-00C04F79EFBC}") = "MtnMoMo.NET", "MtnMoMo.NET\MtnMoMo.NET.csproj", "{FAA3AF3C-9DEC-454B-A1D6-4B379961DCAF}"
EndProject
Global
	GlobalSection(SolutionConfigurationPlatforms) = preSolution
		Debug|Any CPU = Debug|Any CPU
		Release|Any CPU = Release|Any CPU
	EndGlobalSection
	GlobalSection(SolutionProperties) = preSolution
		HideSolutionNode = FALSE
	EndGlobalSection
	GlobalSection(ProjectConfigurationPlatforms) = postSolution
		{FAA3AF3C-9DEC-454B-A1D6-4B379961DCAF}.Debug|Any CPU.ActiveCfg = Debug|Any CPU
		{FAA3AF3C-9DEC-454B-A1D6-4B379961DCAF}.Debug|Any CPU.Build.0 = Debug|Any CPU
		{FAA3AF3C-9DEC-454B-A1D6-4B379961DCAF}.Release|Any CPU.ActiveCfg = Release|Any CPU
		{FAA3AF3C-9DEC-454B-A1D6-4B379961DCAF}.Release|Any CPU.Build.0 = Release|Any CPU
	EndGlobalSection
EndGlobal
